
Microsoft Visual Studio Solution File, Format Version 12.00
# Visual Studio 2012
Project("{FAE04EC0-301F-11D3-BF4B-00C04F79EFBC}") = "VideoGamesClub", "VideoGamesClub\VideoGamesClub.csproj", "{41D0AEEB-4D8A-4CB9-9BE4-6857C0A8C389}"
EndProject
Project("{FAE04EC0-301F-11D3-BF4B-00C04F79EFBC}") = "VideoGamesClub.Tests", "VideoGamesClub.Tests\VideoGamesClub.Tests.csproj", "{C2CF16B4-26D6-477D-8BB9-F95371392A6C}"
EndProject
Global
	GlobalSection(SolutionConfigurationPlatforms) = preSolution
		Debug|Any CPU = Debug|Any CPU
		Release|Any CPU = Release|Any CPU
	EndGlobalSection
	GlobalSection(ProjectConfigurationPlatforms) = postSolution
		{41D0AEEB-4D8A-4CB9-9BE4-6857C0A8C389}.Debug|Any CPU.ActiveCfg = Debug|Any CPU
		{41D0AEEB-4D8A-4CB9-9BE4-6857C0A8C389}.Debug|Any CPU.Build.0 = Debug|Any CPU
		{41D0AEEB-4D8A-4CB9-9BE4-6857C0A8C389}.Release|Any CPU.ActiveCfg = Release|Any CPU
		{41D0AEEB-4D8A-4CB9-9BE4-6857C0A8C389}.Release|Any CPU.Build.0 = Release|Any CPU
		{C2CF16B4-26D6-477D-8BB9-F95371392A6C}.Debug|Any CPU.ActiveCfg = Debug|Any CPU
		{C2CF16B4-26D6-477D-8BB9-F95371392A6C}.Debug|Any CPU.Build.0 = Debug|Any CPU
		{C2CF16B4-26D6-477D-8BB9-F95371392A6C}.Release|Any CPU.ActiveCfg = Release|Any CPU
		{C2CF16B4-26D6-477D-8BB9-F95371392A6C}.Release|Any CPU.Build.0 = Release|Any CPU
	EndGlobalSection
	GlobalSection(SolutionProperties) = preSolution
		HideSolutionNode = FALSE
	EndGlobalSection
EndGlobal
